
Microsoft Visual Studio Solution File, Format Version 11.00
# Visual Studio 2010
Project("{F184B08F-C81C-45F6-A57F-5ABD9991F28F}") = "LibVues", "LibVues\LibVues.vbproj", "{6AE7ED26-D5AF-4E7C-9CB7-C31AF024C482}"
	ProjectSection(ProjectDependencies) = postProject
		{7D267841-49D7-4F83-AE22-6BC617EE6AC1} = {7D267841-49D7-4F83-AE22-6BC617EE6AC1}
		{FA3B79A4-7778-4ED7-8C8F-F4B475D34FAD} = {FA3B79A4-7778-4ED7-8C8F-F4B475D34FAD}
	EndProjectSection
EndProject
Project("{F184B08F-C81C-45F6-A57F-5ABD9991F28F}") = "LibModele", "LibModele\LibModele.vbproj", "{BA1AE104-B132-4C56-8207-4FD052A0CA0C}"
EndProject
Project("{F184B08F-C81C-45F6-A57F-5ABD9991F28F}") = "LibControleurs", "LibControleurs\LibControleurs.vbproj", "{F385216E-62AC-4D0D-AE73-B634A11ED833}"
EndProject
Project("{F184B08F-C81C-45F6-A57F-5ABD9991F28F}") = "DAL", "DAL\DAL.vbproj", "{8577490A-C39C-4B61-A36F-EDA6B472C4F9}"
EndProject
Project("{F184B08F-C81C-45F6-A57F-5ABD9991F28F}") = "Utilitaires", "Utilitaires\Utilitaires.vbproj", "{E5D2C5FD-9DC2-49D4-8534-67D040E43383}"
EndProject
Project("{FAE04EC0-301F-11D3-BF4B-00C04F79EFBC}") = "LibAllocine", "LibAllocine\LibAllocine.csproj", "{A790202A-A545-4E73-B1E0-4D6BCDA0F899}"
EndProject
Project("{FAE04EC0-301F-11D3-BF4B-00C04F79EFBC}") = "MediaGestion.Modele", "MediaGestion.Modele\MediaGestion.Modele.csproj", "{7D267841-49D7-4F83-AE22-6BC617EE6AC1}"
EndProject
Project("{FAE04EC0-301F-11D3-BF4B-00C04F79EFBC}") = "MediaGestion.Metier", "MediaGestion.Metier\MediaGestion.Metier.csproj", "{FA3B79A4-7778-4ED7-8C8F-F4B475D34FAD}"
EndProject
Project("{FAE04EC0-301F-11D3-BF4B-00C04F79EFBC}") = "MediaGestion.DAO", "MediaGestion.DAO\MediaGestion.DAO.csproj", "{764F17FC-678D-4E88-A2BC-1529AE8A999E}"
EndProject
Project("{FAE04EC0-301F-11D3-BF4B-00C04F79EFBC}") = "Outils.CustomDataSource", "Outils.CustomDataSource\Outils.CustomDataSource.csproj", "{FCEBD148-F309-4A1E-95F8-1D6D1ED3BD54}"
EndProject
Project("{FAE04EC0-301F-11D3-BF4B-00C04F79EFBC}") = "MediaGestion.Vues", "MediaGestion.Vues\MediaGestion.Vues.csproj", "{EE82CF23-AABC-42FB-95C6-33F36CC940B3}"
EndProject
Project("{FAE04EC0-301F-11D3-BF4B-00C04F79EFBC}") = "MediaGestion.Vues.Tests", "MediaGestion.Vues.Tests\MediaGestion.Vues.Tests.csproj", "{0BE64F93-6A1E-4600-AB39-18A414751F6F}"
EndProject
Project("{FAE04EC0-301F-11D3-BF4B-00C04F79EFBC}") = "TestProjectMediaGestion", "TestProject1\TestProjectMediaGestion.csproj", "{A8990F5D-D25D-4467-B5F7-81D0FFB71CFA}"
EndProject
Project("{2150E333-8FDC-42A3-9474-1A3956D46DE8}") = "Solution Items", "Solution Items", "{DCA10294-07C7-46BD-B37A-D276E53D9339}"
	ProjectSection(SolutionItems) = preProject
		Local.testsettings = Local.testsettings
		MediaGestion.vsmdi = MediaGestion.vsmdi
		TraceAndTestImpact.testsettings = TraceAndTestImpact.testsettings
	EndProjectSection
EndProject
Global
	GlobalSection(TestCaseManagementSettings) = postSolution
		CategoryFile = MediaGestion.vsmdi
	EndGlobalSection
	GlobalSection(SolutionConfigurationPlatforms) = preSolution
		Debug|Any CPU = Debug|Any CPU
		Release|Any CPU = Release|Any CPU
	EndGlobalSection
	GlobalSection(ProjectConfigurationPlatforms) = postSolution
		{6AE7ED26-D5AF-4E7C-9CB7-C31AF024C482}.Debug|Any CPU.ActiveCfg = Debug|Any CPU
		{6AE7ED26-D5AF-4E7C-9CB7-C31AF024C482}.Debug|Any CPU.Build.0 = Debug|Any CPU
		{6AE7ED26-D5AF-4E7C-9CB7-C31AF024C482}.Release|Any CPU.ActiveCfg = Release|Any CPU
		{6AE7ED26-D5AF-4E7C-9CB7-C31AF024C482}.Release|Any CPU.Build.0 = Release|Any CPU
		{BA1AE104-B132-4C56-8207-4FD052A0CA0C}.Debug|Any CPU.ActiveCfg = Debug|Any CPU
		{BA1AE104-B132-4C56-8207-4FD052A0CA0C}.Debug|Any CPU.Build.0 = Debug|Any CPU
		{BA1AE104-B132-4C56-8207-4FD052A0CA0C}.Release|Any CPU.ActiveCfg = Release|Any CPU
		{BA1AE104-B132-4C56-8207-4FD052A0CA0C}.Release|Any CPU.Build.0 = Release|Any CPU
		{F385216E-62AC-4D0D-AE73-B634A11ED833}.Debug|Any CPU.ActiveCfg = Debug|Any CPU
		{F385216E-62AC-4D0D-AE73-B634A11ED833}.Debug|Any CPU.Build.0 = Debug|Any CPU
		{F385216E-62AC-4D0D-AE73-B634A11ED833}.Release|Any CPU.ActiveCfg = Release|Any CPU
		{F385216E-62AC-4D0D-AE73-B634A11ED833}.Release|Any CPU.Build.0 = Release|Any CPU
		{8577490A-C39C-4B61-A36F-EDA6B472C4F9}.Debug|Any CPU.ActiveCfg = Debug|Any CPU
		{8577490A-C39C-4B61-A36F-EDA6B472C4F9}.Debug|Any CPU.Build.0 = Debug|Any CPU
		{8577490A-C39C-4B61-A36F-EDA6B472C4F9}.Release|Any CPU.ActiveCfg = Release|Any CPU
		{8577490A-C39C-4B61-A36F-EDA6B472C4F9}.Release|Any CPU.Build.0 = Release|Any CPU
		{E5D2C5FD-9DC2-49D4-8534-67D040E43383}.Debug|Any CPU.ActiveCfg = Debug|Any CPU
		{E5D2C5FD-9DC2-49D4-8534-67D040E43383}.Debug|Any CPU.Build.0 = Debug|Any CPU
		{E5D2C5FD-9DC2-49D4-8534-67D040E43383}.Release|Any CPU.ActiveCfg = Release|Any CPU
		{E5D2C5FD-9DC2-49D4-8534-67D040E43383}.Release|Any CPU.Build.0 = Release|Any CPU
		{A790202A-A545-4E73-B1E0-4D6BCDA0F899}.Debug|Any CPU.ActiveCfg = Debug|Any CPU
		{A790202A-A545-4E73-B1E0-4D6BCDA0F899}.Debug|Any CPU.Build.0 = Debug|Any CPU
		{A790202A-A545-4E73-B1E0-4D6BCDA0F899}.Release|Any CPU.ActiveCfg = Release|Any CPU
		{A790202A-A545-4E73-B1E0-4D6BCDA0F899}.Release|Any CPU.Build.0 = Release|Any CPU
		{7D267841-49D7-4F83-AE22-6BC617EE6AC1}.Debug|Any CPU.ActiveCfg = Debug|Any CPU
		{7D267841-49D7-4F83-AE22-6BC617EE6AC1}.Debug|Any CPU.Build.0 = Debug|Any CPU
		{7D267841-49D7-4F83-AE22-6BC617EE6AC1}.Release|Any CPU.ActiveCfg = Release|Any CPU
		{7D267841-49D7-4F83-AE22-6BC617EE6AC1}.Release|Any CPU.Build.0 = Release|Any CPU
		{FA3B79A4-7778-4ED7-8C8F-F4B475D34FAD}.Debug|Any CPU.ActiveCfg = Debug|Any CPU
		{FA3B79A4-7778-4ED7-8C8F-F4B475D34FAD}.Debug|Any CPU.Build.0 = Debug|Any CPU
		{FA3B79A4-7778-4ED7-8C8F-F4B475D34FAD}.Release|Any CPU.ActiveCfg = Release|Any CPU
		{FA3B79A4-7778-4ED7-8C8F-F4B475D34FAD}.Release|Any CPU.Build.0 = Release|Any CPU
		{764F17FC-678D-4E88-A2BC-1529AE8A999E}.Debug|Any CPU.ActiveCfg = Debug|Any CPU
		{764F17FC-678D-4E88-A2BC-1529AE8A999E}.Debug|Any CPU.Build.0 = Debug|Any CPU
		{764F17FC-678D-4E88-A2BC-1529AE8A999E}.Release|Any CPU.ActiveCfg = Release|Any CPU
		{764F17FC-678D-4E88-A2BC-1529AE8A999E}.Release|Any CPU.Build.0 = Release|Any CPU
		{FCEBD148-F309-4A1E-95F8-1D6D1ED3BD54}.Debug|Any CPU.ActiveCfg = Debug|Any CPU
		{FCEBD148-F309-4A1E-95F8-1D6D1ED3BD54}.Debug|Any CPU.Build.0 = Debug|Any CPU
		{FCEBD148-F309-4A1E-95F8-1D6D1ED3BD54}.Release|Any CPU.ActiveCfg = Release|Any CPU
		{FCEBD148-F309-4A1E-95F8-1D6D1ED3BD54}.Release|Any CPU.Build.0 = Release|Any CPU
		{EE82CF23-AABC-42FB-95C6-33F36CC940B3}.Debug|Any CPU.ActiveCfg = Debug|Any CPU
		{EE82CF23-AABC-42FB-95C6-33F36CC940B3}.Debug|Any CPU.Build.0 = Debug|Any CPU
		{EE82CF23-AABC-42FB-95C6-33F36CC940B3}.Release|Any CPU.ActiveCfg = Release|Any CPU
		{EE82CF23-AABC-42FB-95C6-33F36CC940B3}.Release|Any CPU.Build.0 = Release|Any CPU
		{0BE64F93-6A1E-4600-AB39-18A414751F6F}.Debug|Any CPU.ActiveCfg = Debug|Any CPU
		{0BE64F93-6A1E-4600-AB39-18A414751F6F}.Debug|Any CPU.Build.0 = Debug|Any CPU
		{0BE64F93-6A1E-4600-AB39-18A414751F6F}.Release|Any CPU.ActiveCfg = Release|Any CPU
		{0BE64F93-6A1E-4600-AB39-18A414751F6F}.Release|Any CPU.Build.0 = Release|Any CPU
		{A8990F5D-D25D-4467-B5F7-81D0FFB71CFA}.Debug|Any CPU.ActiveCfg = Debug|Any CPU
		{A8990F5D-D25D-4467-B5F7-81D0FFB71CFA}.Debug|Any CPU.Build.0 = Debug|Any CPU
		{A8990F5D-D25D-4467-B5F7-81D0FFB71CFA}.Release|Any CPU.ActiveCfg = Release|Any CPU
		{A8990F5D-D25D-4467-B5F7-81D0FFB71CFA}.Release|Any CPU.Build.0 = Release|Any CPU
	EndGlobalSection
	GlobalSection(SolutionProperties) = preSolution
		HideSolutionNode = FALSE
	EndGlobalSection
EndGlobal
